
Microsoft Visual Studio Solution File, Format Version 11.00
# Visual Studio 2010
Project("{FAE04EC0-301F-11D3-BF4B-00C04F79EFBC}") = "Playfair", "Playfair\Playfair.csproj", "{B8717700-5E52-4F11-A5D2-942DC31EEC4F}"
EndProject
Global
	GlobalSection(SolutionConfigurationPlatforms) = preSolution
		Debug|x86 = Debug|x86
		Release|x86 = Release|x86
	EndGlobalSection
	GlobalSection(ProjectConfigurationPlatforms) = postSolution
		{B8717700-5E52-4F11-A5D2-942DC31EEC4F}.Debug|x86.ActiveCfg = Debug|x86
		{B8717700-5E52-4F11-A5D2-942DC31EEC4F}.Debug|x86.Build.0 = Debug|x86
		{B8717700-5E52-4F11-A5D2-942DC31EEC4F}.Release|x86.ActiveCfg = Release|x86
		{B8717700-5E52-4F11-A5D2-942DC31EEC4F}.Release|x86.Build.0 = Release|x86
	EndGlobalSection
	GlobalSection(SolutionProperties) = preSolution
		HideSolutionNode = FALSE
	EndGlobalSection
EndGlobal
